// !$*UTF8*$!
{
	archiveVersion = 1;
	classes = {
	};
	objectVersion = 46;
	objects = {

/* Begin PBXBuildFile section */
		C690C96914E5E7B9000BB787 /* GCHelper.m in Sources */ = {isa = PBXBuildFile; fileRef = C690C96814E5E7B9000BB787 /* GCHelper.m */; };
		C690C96E14E5EA83000BB787 /* MultiPlayerViewController.m in Sources */ = {isa = PBXBuildFile; fileRef = C690C96C14E5EA83000BB787 /* MultiPlayerViewController.m */; };
		C690C96F14E5EA83000BB787 /* MultiPlayerViewController.xib in Resources */ = {isa = PBXBuildFile; fileRef = C690C96D14E5EA83000BB787 /* MultiPlayerViewController.xib */; };
		C6950CAF14E33DCF00967399 /* GameKit.framework in Frameworks */ = {isa = PBXBuildFile; fileRef = C6950CAE14E33DCF00967399 /* GameKit.framework */; };
		C6965E9614DC995700A4A21D /* UIKit.framework in Frameworks */ = {isa = PBXBuildFile; fileRef = C6965E9514DC995700A4A21D /* UIKit.framework */; };
		C6965E9814DC995700A4A21D /* Foundation.framework in Frameworks */ = {isa = PBXBuildFile; fileRef = C6965E9714DC995700A4A21D /* Foundation.framework */; };
		C6965E9A14DC995700A4A21D /* CoreGraphics.framework in Frameworks */ = {isa = PBXBuildFile; fileRef = C6965E9914DC995700A4A21D /* CoreGraphics.framework */; };
		C6965EA014DC995700A4A21D /* InfoPlist.strings in Resources */ = {isa = PBXBuildFile; fileRef = C6965E9E14DC995700A4A21D /* InfoPlist.strings */; };
		C6965EA214DC995700A4A21D /* main.m in Sources */ = {isa = PBXBuildFile; fileRef = C6965EA114DC995700A4A21D /* main.m */; };
		C6965EA614DC995700A4A21D /* AppDelegate.m in Sources */ = {isa = PBXBuildFile; fileRef = C6965EA514DC995700A4A21D /* AppDelegate.m */; };
		C6965EA914DC995700A4A21D /* MainStoryboard.storyboard in Resources */ = {isa = PBXBuildFile; fileRef = C6965EA714DC995700A4A21D /* MainStoryboard.storyboard */; };
		C6965EAC14DC995700A4A21D /* ViewController.m in Sources */ = {isa = PBXBuildFile; fileRef = C6965EAB14DC995700A4A21D /* ViewController.m */; };
		C6965EB414DC995700A4A21D /* SenTestingKit.framework in Frameworks */ = {isa = PBXBuildFile; fileRef = C6965EB314DC995700A4A21D /* SenTestingKit.framework */; };
		C6965EB514DC995700A4A21D /* UIKit.framework in Frameworks */ = {isa = PBXBuildFile; fileRef = C6965E9514DC995700A4A21D /* UIKit.framework */; };
		C6965EB614DC995700A4A21D /* Foundation.framework in Frameworks */ = {isa = PBXBuildFile; fileRef = C6965E9714DC995700A4A21D /* Foundation.framework */; };
		C6965EBE14DC995800A4A21D /* InfoPlist.strings in Resources */ = {isa = PBXBuildFile; fileRef = C6965EBC14DC995800A4A21D /* InfoPlist.strings */; };
		C6965EC114DC995800A4A21D /* RPSIphoneOnlyTests.m in Sources */ = {isa = PBXBuildFile; fileRef = C6965EC014DC995800A4A21D /* RPSIphoneOnlyTests.m */; };
		C6965ED014DC9F4F00A4A21D /* paper 2_finalise - android (48x48)no bg.png in Resources */ = {isa = PBXBuildFile; fileRef = C6965ECF14DC9F4F00A4A21D /* paper 2_finalise - android (48x48)no bg.png */; };
		C6965ED214DC9F6300A4A21D /* paper2_finalise-android(78x78)nobg.png in Resources */ = {isa = PBXBuildFile; fileRef = C6965ED114DC9F6300A4A21D /* paper2_finalise-android(78x78)nobg.png */; };
		C6965ED414DC9F7A00A4A21D /* robot4_finalise - android (48x48)no bg.png in Resources */ = {isa = PBXBuildFile; fileRef = C6965ED314DC9F7A00A4A21D /* robot4_finalise - android (48x48)no bg.png */; };
		C6965ED614DC9F8700A4A21D /* robot4_finalise-android(78x78)nobg.png in Resources */ = {isa = PBXBuildFile; fileRef = C6965ED514DC9F8700A4A21D /* robot4_finalise-android(78x78)nobg.png */; };
		C6965ED814DC9F9D00A4A21D /* rock5._finalise - android (48x48)no bg.png in Resources */ = {isa = PBXBuildFile; fileRef = C6965ED714DC9F9D00A4A21D /* rock5._finalise - android (48x48)no bg.png */; };
		C6965EDA14DC9FAA00A4A21D /* rock5._finalise-android(78x78)nobg.png in Resources */ = {isa = PBXBuildFile; fileRef = C6965ED914DC9FAA00A4A21D /* rock5._finalise-android(78x78)nobg.png */; };
		C6965EDC14DC9FB700A4A21D /* scissors4_finalise - android (48x48)no bg.png in Resources */ = {isa = PBXBuildFile; fileRef = C6965EDB14DC9FB700A4A21D /* scissors4_finalise - android (48x48)no bg.png */; };
		C6965EDE14DC9FCE00A4A21D /* scissors4_finalise-android(78x78)nobg.png in Resources */ = {isa = PBXBuildFile; fileRef = C6965EDD14DC9FCE00A4A21D /* scissors4_finalise-android(78x78)nobg.png */; };
		C6965EE014DC9FE100A4A21D /* unicorn3_finalise - android (48x48)no bg.png in Resources */ = {isa = PBXBuildFile; fileRef = C6965EDF14DC9FE100A4A21D /* unicorn3_finalise - android (48x48)no bg.png */; };
		C6965EE214DC9FF100A4A21D /* unicorn3_finalise-android(78x78)nobg.png in Resources */ = {isa = PBXBuildFile; fileRef = C6965EE114DC9FF100A4A21D /* unicorn3_finalise-android(78x78)nobg.png */; };
		C6965EEB14DCA77400A4A21D /* SingleViewController.m in Sources */ = {isa = PBXBuildFile; fileRef = C6965EE914DCA77400A4A21D /* SingleViewController.m */; };
		C6965EEC14DCA77400A4A21D /* SingleViewController.xib in Resources */ = {isa = PBXBuildFile; fileRef = C6965EEA14DCA77400A4A21D /* SingleViewController.xib */; };
		C69A231914ED496700CFF477 /* xrps-wp7-f4-2.png in Resources */ = {isa = PBXBuildFile; fileRef = C69A231814ED496700CFF477 /* xrps-wp7-f4-2.png */; };
		C69A231E14F010EC00CFF477 /* xrps-background2.png in Resources */ = {isa = PBXBuildFile; fileRef = C69A231D14F010EC00CFF477 /* xrps-background2.png */; };
		C69A232014F06E7C00CFF477 /* XRPSInterfacebackground2.png in Resources */ = {isa = PBXBuildFile; fileRef = C69A231F14F06E7C00CFF477 /* XRPSInterfacebackground2.png */; };
		C6A332B214E828BA0026C51E /* tempRobotButton.jpg in Resources */ = {isa = PBXBuildFile; fileRef = C6A332B114E828BA0026C51E /* tempRobotButton.jpg */; };
		C6ABD05114DF8C1800AB6970 /* testBackground.jpg in Resources */ = {isa = PBXBuildFile; fileRef = C6ABD05014DF8C1800AB6970 /* testBackground.jpg */; };
		C6AC9327155F1C5F005D81B2 /* xrps-rulespage1.png in Resources */ = {isa = PBXBuildFile; fileRef = C6AC9326155F1C5F005D81B2 /* xrps-rulespage1.png */; };
		C6AC932915652153005D81B2 /* SystemConfiguration.framework in Frameworks */ = {isa = PBXBuildFile; fileRef = C6AC932815652152005D81B2 /* SystemConfiguration.framework */; };
		C6AC932F1568425E005D81B2 /* Reachability.m in Sources */ = {isa = PBXBuildFile; fileRef = C6AC932E1568425E005D81B2 /* Reachability.m */; };
		C6AC9331156A33B1005D81B2 /* GI - button-v3.png in Resources */ = {isa = PBXBuildFile; fileRef = C6AC9330156A33B1005D81B2 /* GI - button-v3.png */; };
		C6AC9333156A33C0005D81B2 /* GI - button-v2-1.png in Resources */ = {isa = PBXBuildFile; fileRef = C6AC9332156A33BF005D81B2 /* GI - button-v2-1.png */; };
		C6AC9336156D9036005D81B2 /* GI - button-v2-2.png in Resources */ = {isa = PBXBuildFile; fileRef = C6AC9334156D9034005D81B2 /* GI - button-v2-2.png */; };
		C6AC9337156D9036005D81B2 /* GI - button-v2-3.png in Resources */ = {isa = PBXBuildFile; fileRef = C6AC9335156D9035005D81B2 /* GI - button-v2-3.png */; };
		C6AF4EB3154E032B00B94D81 /* xrps-rulespage.png in Resources */ = {isa = PBXBuildFile; fileRef = C6AF4EB2154E032A00B94D81 /* xrps-rulespage.png */; };
		C6AF4EB8154E06B700B94D81 /* RulesPage1.m in Sources */ = {isa = PBXBuildFile; fileRef = C6AF4EB6154E06AB00B94D81 /* RulesPage1.m */; };
		C6AF4EB9154E06B700B94D81 /* RulesPage1.xib in Resources */ = {isa = PBXBuildFile; fileRef = C6AF4EB7154E06B600B94D81 /* RulesPage1.xib */; };
		C6AF4EDC1553406000B94D81 /* GI- Display - Unicorn.png in Resources */ = {isa = PBXBuildFile; fileRef = C6AF4EDB1553406000B94D81 /* GI- Display - Unicorn.png */; };
		C6AF4EDF1553408300B94D81 /* GI- Display - Scissors.png in Resources */ = {isa = PBXBuildFile; fileRef = C6AF4EDE1553408300B94D81 /* GI- Display - Scissors.png */; };
		C6AF4EE11553409200B94D81 /* GI- Display - Robot (FINAL).png in Resources */ = {isa = PBXBuildFile; fileRef = C6AF4EE01553409200B94D81 /* GI- Display - Robot (FINAL).png */; };
		C6AF4EE31553409D00B94D81 /* GI - button-v2.png in Resources */ = {isa = PBXBuildFile; fileRef = C6AF4EE21553409D00B94D81 /* GI - button-v2.png */; };
		C6AF4EE5155340A800B94D81 /* GI- Display - Rock.png in Resources */ = {isa = PBXBuildFile; fileRef = C6AF4EE4155340A800B94D81 /* GI- Display - Rock.png */; };
		C6AF4EE7155340C100B94D81 /* GI- Display - Paper.png in Resources */ = {isa = PBXBuildFile; fileRef = C6AF4EE6155340C100B94D81 /* GI- Display - Paper.png */; };
		C6B463B214F1E9070097F1A7 /* XRPSInterfacebackground3.png in Resources */ = {isa = PBXBuildFile; fileRef = C6B463B114F1E9070097F1A7 /* XRPSInterfacebackground3.png */; };
		C6E73B1114DD893E007E48F2 /* AiFunction.m in Sources */ = {isa = PBXBuildFile; fileRef = C6E73B1014DD893E007E48F2 /* AiFunction.m */; };
		C6E73B1E14DDDD12007E48F2 /* ModeViewController.m in Sources */ = {isa = PBXBuildFile; fileRef = C6E73B1C14DDDD11007E48F2 /* ModeViewController.m */; };
		C6E73B1F14DDDD12007E48F2 /* ModeViewController.xib in Resources */ = {isa = PBXBuildFile; fileRef = C6E73B1D14DDDD12007E48F2 /* ModeViewController.xib */; };
/* End PBXBuildFile section */

/* Begin PBXContainerItemProxy section */
		C6965EB714DC995800A4A21D /* PBXContainerItemProxy */ = {
			isa = PBXContainerItemProxy;
			containerPortal = C6965E8814DC995600A4A21D /* Project object */;
			proxyType = 1;
			remoteGlobalIDString = C6965E9014DC995700A4A21D;
			remoteInfo = RPSIphoneOnly;
		};
/* End PBXContainerItemProxy section */

/* Begin PBXFileReference section */
		C690C96714E5E7B9000BB787 /* GCHelper.h */ = {isa = PBXFileReference; fileEncoding = 4; lastKnownFileType = sourcecode.c.h; path = GCHelper.h; sourceTree = "<group>"; };
		C690C96814E5E7B9000BB787 /* GCHelper.m */ = {isa = PBXFileReference; fileEncoding = 4; lastKnownFileType = sourcecode.c.objc; path = GCHelper.m; sourceTree = "<group>"; };
		C690C96B14E5EA83000BB787 /* MultiPlayerViewController.h */ = {isa = PBXFileReference; fileEncoding = 4; lastKnownFileType = sourcecode.c.h; path = MultiPlayerViewController.h; sourceTree = "<group>"; };
		C690C96C14E5EA83000BB787 /* MultiPlayerViewController.m */ = {isa = PBXFileReference; fileEncoding = 4; lastKnownFileType = sourcecode.c.objc; path = MultiPlayerViewController.m; sourceTree = "<group>"; };
		C690C96D14E5EA83000BB787 /* MultiPlayerViewController.xib */ = {isa = PBXFileReference; fileEncoding = 4; lastKnownFileType = file.xib; path = MultiPlayerViewController.xib; sourceTree = "<group>"; };
		C6950CAE14E33DCF00967399 /* GameKit.framework */ = {isa = PBXFileReference; lastKnownFileType = wrapper.framework; name = GameKit.framework; path = System/Library/Frameworks/GameKit.framework; sourceTree = SDKROOT; };
		C6965E9114DC995700A4A21D /* RPSIphoneOnly.app */ = {isa = PBXFileReference; explicitFileType = wrapper.application; includeInIndex = 0; path = RPSIphoneOnly.app; sourceTree = BUILT_PRODUCTS_DIR; };
		C6965E9514DC995700A4A21D /* UIKit.framework */ = {isa = PBXFileReference; lastKnownFileType = wrapper.framework; name = UIKit.framework; path = System/Library/Frameworks/UIKit.framework; sourceTree = SDKROOT; };
		C6965E9714DC995700A4A21D /* Foundation.framework */ = {isa = PBXFileReference; lastKnownFileType = wrapper.framework; name = Foundation.framework; path = System/Library/Frameworks/Foundation.framework; sourceTree = SDKROOT; };
		C6965E9914DC995700A4A21D /* CoreGraphics.framework */ = {isa = PBXFileReference; lastKnownFileType = wrapper.framework; name = CoreGraphics.framework; path = System/Library/Frameworks/CoreGraphics.framework; sourceTree = SDKROOT; };
		C6965E9D14DC995700A4A21D /* RPSIphoneOnly-Info.plist */ = {isa = PBXFileReference; lastKnownFileType = text.plist.xml; path = "RPSIphoneOnly-Info.plist"; sourceTree = "<group>"; };
		C6965E9F14DC995700A4A21D /* en */ = {isa = PBXFileReference; lastKnownFileType = text.plist.strings; name = en; path = en.lproj/InfoPlist.strings; sourceTree = "<group>"; };
		C6965EA114DC995700A4A21D /* main.m */ = {isa = PBXFileReference; lastKnownFileType = sourcecode.c.objc; path = main.m; sourceTree = "<group>"; };
		C6965EA314DC995700A4A21D /* RPSIphoneOnly-Prefix.pch */ = {isa = PBXFileReference; lastKnownFileType = sourcecode.c.h; path = "RPSIphoneOnly-Prefix.pch"; sourceTree = "<group>"; };
		C6965EA414DC995700A4A21D /* AppDelegate.h */ = {isa = PBXFileReference; lastKnownFileType = sourcecode.c.h; path = AppDelegate.h; sourceTree = "<group>"; };
		C6965EA514DC995700A4A21D /* AppDelegate.m */ = {isa = PBXFileReference; lastKnownFileType = sourcecode.c.objc; path = AppDelegate.m; sourceTree = "<group>"; };
		C6965EA814DC995700A4A21D /* en */ = {isa = PBXFileReference; lastKnownFileType = file.storyboard; name = en; path = en.lproj/MainStoryboard.storyboard; sourceTree = "<group>"; };
		C6965EAA14DC995700A4A21D /* ViewController.h */ = {isa = PBXFileReference; lastKnownFileType = sourcecode.c.h; path = ViewController.h; sourceTree = "<group>"; };
		C6965EAB14DC995700A4A21D /* ViewController.m */ = {isa = PBXFileReference; lastKnownFileType = sourcecode.c.objc; path = ViewController.m; sourceTree = "<group>"; };
		C6965EB214DC995700A4A21D /* RPSIphoneOnlyTests.octest */ = {isa = PBXFileReference; explicitFileType = wrapper.cfbundle; includeInIndex = 0; path = RPSIphoneOnlyTests.octest; sourceTree = BUILT_PRODUCTS_DIR; };
		C6965EB314DC995700A4A21D /* SenTestingKit.framework */ = {isa = PBXFileReference; lastKnownFileType = wrapper.framework; name = SenTestingKit.framework; path = Library/Frameworks/SenTestingKit.framework; sourceTree = DEVELOPER_DIR; };
		C6965EBB14DC995800A4A21D /* RPSIphoneOnlyTests-Info.plist */ = {isa = PBXFileReference; lastKnownFileType = text.plist.xml; path = "RPSIphoneOnlyTests-Info.plist"; sourceTree = "<group>"; };
		C6965EBD14DC995800A4A21D /* en */ = {isa = PBXFileReference; lastKnownFileType = text.plist.strings; name = en; path = en.lproj/InfoPlist.strings; sourceTree = "<group>"; };
		C6965EBF14DC995800A4A21D /* RPSIphoneOnlyTests.h */ = {isa = PBXFileReference; lastKnownFileType = sourcecode.c.h; path = RPSIphoneOnlyTests.h; sourceTree = "<group>"; };
		C6965EC014DC995800A4A21D /* RPSIphoneOnlyTests.m */ = {isa = PBXFileReference; lastKnownFileType = sourcecode.c.objc; path = RPSIphoneOnlyTests.m; sourceTree = "<group>"; };
		C6965ECF14DC9F4F00A4A21D /* paper 2_finalise - android (48x48)no bg.png */ = {isa = PBXFileReference; lastKnownFileType = image.png; path = "paper 2_finalise - android (48x48)no bg.png"; sourceTree = "<group>"; };
		C6965ED114DC9F6300A4A21D /* paper2_finalise-android(78x78)nobg.png */ = {isa = PBXFileReference; lastKnownFileType = image.png; path = "paper2_finalise-android(78x78)nobg.png"; sourceTree = "<group>"; };
		C6965ED314DC9F7A00A4A21D /* robot4_finalise - android (48x48)no bg.png */ = {isa = PBXFileReference; lastKnownFileType = image.png; path = "robot4_finalise - android (48x48)no bg.png"; sourceTree = "<group>"; };
		C6965ED514DC9F8700A4A21D /* robot4_finalise-android(78x78)nobg.png */ = {isa = PBXFileReference; lastKnownFileType = image.png; path = "robot4_finalise-android(78x78)nobg.png"; sourceTree = "<group>"; };
		C6965ED714DC9F9D00A4A21D /* rock5._finalise - android (48x48)no bg.png */ = {isa = PBXFileReference; lastKnownFileType = image.png; path = "rock5._finalise - android (48x48)no bg.png"; sourceTree = "<group>"; };
		C6965ED914DC9FAA00A4A21D /* rock5._finalise-android(78x78)nobg.png */ = {isa = PBXFileReference; lastKnownFileType = image.png; path = "rock5._finalise-android(78x78)nobg.png"; sourceTree = "<group>"; };
		C6965EDB14DC9FB700A4A21D /* scissors4_finalise - android (48x48)no bg.png */ = {isa = PBXFileReference; lastKnownFileType = image.png; path = "scissors4_finalise - android (48x48)no bg.png"; sourceTree = "<group>"; };
		C6965EDD14DC9FCE00A4A21D /* scissors4_finalise-android(78x78)nobg.png */ = {isa = PBXFileReference; lastKnownFileType = image.png; path = "scissors4_finalise-android(78x78)nobg.png"; sourceTree = "<group>"; };
		C6965EDF14DC9FE100A4A21D /* unicorn3_finalise - android (48x48)no bg.png */ = {isa = PBXFileReference; lastKnownFileType = image.png; path = "unicorn3_finalise - android (48x48)no bg.png"; sourceTree = "<group>"; };
		C6965EE114DC9FF100A4A21D /* unicorn3_finalise-android(78x78)nobg.png */ = {isa = PBXFileReference; lastKnownFileType = image.png; path = "unicorn3_finalise-android(78x78)nobg.png"; sourceTree = "<group>"; };
		C6965EE814DCA77400A4A21D /* SingleViewController.h */ = {isa = PBXFileReference; fileEncoding = 4; lastKnownFileType = sourcecode.c.h; path = SingleViewController.h; sourceTree = "<group>"; };
		C6965EE914DCA77400A4A21D /* SingleViewController.m */ = {isa = PBXFileReference; fileEncoding = 4; lastKnownFileType = sourcecode.c.objc; path = SingleViewController.m; sourceTree = "<group>"; };
		C6965EEA14DCA77400A4A21D /* SingleViewController.xib */ = {isa = PBXFileReference; fileEncoding = 4; lastKnownFileType = file.xib; path = SingleViewController.xib; sourceTree = "<group>"; };
		C69A231814ED496700CFF477 /* xrps-wp7-f4-2.png */ = {isa = PBXFileReference; lastKnownFileType = image.png; name = "xrps-wp7-f4-2.png"; path = "../../../../Dropbox/Mobile Apps/RPS Interface/win 7 images/xrps-wp7-f4-2.png"; sourceTree = "<group>"; };
		C69A231D14F010EC00CFF477 /* xrps-background2.png */ = {isa = PBXFileReference; lastKnownFileType = image.png; name = "xrps-background2.png"; path = "../../../../Downloads/xrps-background2.png"; sourceTree = "<group>"; };
		C69A231F14F06E7C00CFF477 /* XRPSInterfacebackground2.png */ = {isa = PBXFileReference; lastKnownFileType = image.png; name = XRPSInterfacebackground2.png; path = ../../../../Downloads/XRPSInterfacebackground2.png; sourceTree = "<group>"; };
		C6A332B114E828BA0026C51E /* tempRobotButton.jpg */ = {isa = PBXFileReference; lastKnownFileType = image.jpeg; name = tempRobotButton.jpg; path = ../../../IphoneRPSScreenshots/tempRobotButton.jpg; sourceTree = "<group>"; };
		C6ABD05014DF8C1800AB6970 /* testBackground.jpg */ = {isa = PBXFileReference; lastKnownFileType = image.jpeg; path = testBackground.jpg; sourceTree = "<group>"; };
		C6AC9326155F1C5F005D81B2 /* xrps-rulespage1.png */ = {isa = PBXFileReference; lastKnownFileType = image.png; name = "xrps-rulespage1.png"; path = "../../../../Downloads/xrps-rulespage1.png"; sourceTree = "<group>"; };
		C6AC932815652152005D81B2 /* SystemConfiguration.framework */ = {isa = PBXFileReference; lastKnownFileType = wrapper.framework; name = SystemConfiguration.framework; path = System/Library/Frameworks/SystemConfiguration.framework; sourceTree = SDKROOT; };
		C6AC932D1568425E005D81B2 /* Reachability.h */ = {isa = PBXFileReference; fileEncoding = 4; lastKnownFileType = sourcecode.c.h; path = Reachability.h; sourceTree = "<group>"; };
		C6AC932E1568425E005D81B2 /* Reachability.m */ = {isa = PBXFileReference; fileEncoding = 4; lastKnownFileType = sourcecode.c.objc; path = Reachability.m; sourceTree = "<group>"; };
		C6AC9330156A33B1005D81B2 /* GI - button-v3.png */ = {isa = PBXFileReference; lastKnownFileType = image.png; name = "GI - button-v3.png"; path = "../../../../Dropbox/Mobile Apps/RPS Interface/Iphone/GI - buttons/GI - button-v3.png"; sourceTree = "<group>"; };
		C6AC9332156A33BF005D81B2 /* GI - button-v2-1.png */ = {isa = PBXFileReference; lastKnownFileType = image.png; name = "GI - button-v2-1.png"; path = "../../../../Dropbox/Mobile Apps/RPS Interface/Iphone/GI - buttons/GI - button-v2-1.png"; sourceTree = "<group>"; };
		C6AC9334156D9034005D81B2 /* GI - button-v2-2.png */ = {isa = PBXFileReference; lastKnownFileType = image.png; path = "GI - button-v2-2.png"; sourceTree = "<group>"; };
		C6AC9335156D9035005D81B2 /* GI - button-v2-3.png */ = {isa = PBXFileReference; lastKnownFileType = image.png; path = "GI - button-v2-3.png"; sourceTree = "<group>"; };
		C6AF4EA1154820B500B94D81 /* AppSpecificValues.h */ = {isa = PBXFileReference; fileEncoding = 4; lastKnownFileType = sourcecode.c.h; name = AppSpecificValues.h; path = ../../../../Downloads/GKTapper/Classes/AppSpecificValues.h; sourceTree = "<group>"; };
		C6AF4EB2154E032A00B94D81 /* xrps-rulespage.png */ = {isa = PBXFileReference; lastKnownFileType = image.png; name = "xrps-rulespage.png"; path = "../../../../Downloads/xrps-rulespage.png"; sourceTree = "<group>"; };
		C6AF4EB5154E06A900B94D81 /* RulesPage1.h */ = {isa = PBXFileReference; fileEncoding = 4; lastKnownFileType = sourcecode.c.h; path = RulesPage1.h; sourceTree = "<group>"; };
		C6AF4EB6154E06AB00B94D81 /* RulesPage1.m */ = {isa = PBXFileReference; fileEncoding = 4; lastKnownFileType = sourcecode.c.objc; path = RulesPage1.m; sourceTree = "<group>"; };
		C6AF4EB7154E06B600B94D81 /* RulesPage1.xib */ = {isa = PBXFileReference; fileEncoding = 4; lastKnownFileType = file.xib; path = RulesPage1.xib; sourceTree = "<group>"; };
		C6AF4EDB1553406000B94D81 /* GI- Display - Unicorn.png */ = {isa = PBXFileReference; lastKnownFileType = image.png; path = "GI- Display - Unicorn.png"; sourceTree = "<group>"; };
		C6AF4EDE1553408300B94D81 /* GI- Display - Scissors.png */ = {isa = PBXFileReference; lastKnownFileType = image.png; path = "GI- Display - Scissors.png"; sourceTree = "<group>"; };
		C6AF4EE01553409200B94D81 /* GI- Display - Robot (FINAL).png */ = {isa = PBXFileReference; lastKnownFileType = image.png; path = "GI- Display - Robot (FINAL).png"; sourceTree = "<group>"; };
		C6AF4EE21553409D00B94D81 /* GI - button-v2.png */ = {isa = PBXFileReference; lastKnownFileType = image.png; path = "GI - button-v2.png"; sourceTree = "<group>"; };
		C6AF4EE4155340A800B94D81 /* GI- Display - Rock.png */ = {isa = PBXFileReference; lastKnownFileType = image.png; path = "GI- Display - Rock.png"; sourceTree = "<group>"; };
		C6AF4EE6155340C100B94D81 /* GI- Display - Paper.png */ = {isa = PBXFileReference; lastKnownFileType = image.png; path = "GI- Display - Paper.png"; sourceTree = "<group>"; };
		C6B463B114F1E9070097F1A7 /* XRPSInterfacebackground3.png */ = {isa = PBXFileReference; lastKnownFileType = image.png; name = XRPSInterfacebackground3.png; path = ../../../../Downloads/XRPSInterfacebackground3.png; sourceTree = "<group>"; };
		C6E73B0F14DD893E007E48F2 /* AiFunction.h */ = {isa = PBXFileReference; fileEncoding = 4; lastKnownFileType = sourcecode.c.h; path = AiFunction.h; sourceTree = "<group>"; };
		C6E73B1014DD893E007E48F2 /* AiFunction.m */ = {isa = PBXFileReference; fileEncoding = 4; lastKnownFileType = sourcecode.c.objc; path = AiFunction.m; sourceTree = "<group>"; };
		C6E73B1B14DDDD11007E48F2 /* ModeViewController.h */ = {isa = PBXFileReference; fileEncoding = 4; lastKnownFileType = sourcecode.c.h; path = ModeViewController.h; sourceTree = "<group>"; };
		C6E73B1C14DDDD11007E48F2 /* ModeViewController.m */ = {isa = PBXFileReference; fileEncoding = 4; lastKnownFileType = sourcecode.c.objc; path = ModeViewController.m; sourceTree = "<group>"; };
		C6E73B1D14DDDD12007E48F2 /* ModeViewController.xib */ = {isa = PBXFileReference; fileEncoding = 4; lastKnownFileType = file.xib; path = ModeViewController.xib; sourceTree = "<group>"; };
/* End PBXFileReference section */

/* Begin PBXFrameworksBuildPhase section */
		C6965E8E14DC995700A4A21D /* Frameworks */ = {
			isa = PBXFrameworksBuildPhase;
			buildActionMask = 2147483647;
			files = (
				C6AC932915652153005D81B2 /* SystemConfiguration.framework in Frameworks */,
				C6950CAF14E33DCF00967399 /* GameKit.framework in Frameworks */,
				C6965E9614DC995700A4A21D /* UIKit.framework in Frameworks */,
				C6965E9814DC995700A4A21D /* Foundation.framework in Frameworks */,
				C6965E9A14DC995700A4A21D /* CoreGraphics.framework in Frameworks */,
			);
			runOnlyForDeploymentPostprocessing = 0;
		};
		C6965EAE14DC995700A4A21D /* Frameworks */ = {
			isa = PBXFrameworksBuildPhase;
			buildActionMask = 2147483647;
			files = (
				C6965EB414DC995700A4A21D /* SenTestingKit.framework in Frameworks */,
				C6965EB514DC995700A4A21D /* UIKit.framework in Frameworks */,
				C6965EB614DC995700A4A21D /* Foundation.framework in Frameworks */,
			);
			runOnlyForDeploymentPostprocessing = 0;
		};
/* End PBXFrameworksBuildPhase section */

/* Begin PBXGroup section */
		C6965E8614DC995600A4A21D = {
			isa = PBXGroup;
			children = (
				C6965E9B14DC995700A4A21D /* RPSIphoneOnly */,
				C6965EB914DC995800A4A21D /* RPSIphoneOnlyTests */,
				C6965E9414DC995700A4A21D /* Frameworks */,
				C6965E9214DC995700A4A21D /* Products */,
			);
			sourceTree = "<group>";
		};
		C6965E9214DC995700A4A21D /* Products */ = {
			isa = PBXGroup;
			children = (
				C6965E9114DC995700A4A21D /* RPSIphoneOnly.app */,
				C6965EB214DC995700A4A21D /* RPSIphoneOnlyTests.octest */,
			);
			name = Products;
			sourceTree = "<group>";
		};
		C6965E9414DC995700A4A21D /* Frameworks */ = {
			isa = PBXGroup;
			children = (
				C6AC932815652152005D81B2 /* SystemConfiguration.framework */,
				C6950CAE14E33DCF00967399 /* GameKit.framework */,
				C6965E9514DC995700A4A21D /* UIKit.framework */,
				C6965E9714DC995700A4A21D /* Foundation.framework */,
				C6965E9914DC995700A4A21D /* CoreGraphics.framework */,
				C6965EB314DC995700A4A21D /* SenTestingKit.framework */,
			);
			name = Frameworks;
			sourceTree = "<group>";
		};
		C6965E9B14DC995700A4A21D /* RPSIphoneOnly */ = {
			isa = PBXGroup;
			children = (
				C6965EA414DC995700A4A21D /* AppDelegate.h */,
				C6965EA514DC995700A4A21D /* AppDelegate.m */,
				C6965EA714DC995700A4A21D /* MainStoryboard.storyboard */,
				C6965EAA14DC995700A4A21D /* ViewController.h */,
				C6965EAB14DC995700A4A21D /* ViewController.m */,
				C6965E9C14DC995700A4A21D /* Supporting Files */,
				C6965ECF14DC9F4F00A4A21D /* paper 2_finalise - android (48x48)no bg.png */,
				C6965ED114DC9F6300A4A21D /* paper2_finalise-android(78x78)nobg.png */,
				C6ABD05014DF8C1800AB6970 /* testBackground.jpg */,
				C6AF4EB2154E032A00B94D81 /* xrps-rulespage.png */,
				C6AC9326155F1C5F005D81B2 /* xrps-rulespage1.png */,
				C69A231D14F010EC00CFF477 /* xrps-background2.png */,
				C69A231F14F06E7C00CFF477 /* XRPSInterfacebackground2.png */,
				C6B463B114F1E9070097F1A7 /* XRPSInterfacebackground3.png */,
				C69A231814ED496700CFF477 /* xrps-wp7-f4-2.png */,
				C6AF4EDB1553406000B94D81 /* GI- Display - Unicorn.png */,
				C6AF4EDE1553408300B94D81 /* GI- Display - Scissors.png */,
				C6AF4EE6155340C100B94D81 /* GI- Display - Paper.png */,
				C6AF4EE01553409200B94D81 /* GI- Display - Robot (FINAL).png */,
				C6AF4EE4155340A800B94D81 /* GI- Display - Rock.png */,
				C6AF4EE21553409D00B94D81 /* GI - button-v2.png */,
				C6AC9332156A33BF005D81B2 /* GI - button-v2-1.png */,
				C6AC9334156D9034005D81B2 /* GI - button-v2-2.png */,
				C6AC9335156D9035005D81B2 /* GI - button-v2-3.png */,
				C6AC9330156A33B1005D81B2 /* GI - button-v3.png */,
				C6965ED314DC9F7A00A4A21D /* robot4_finalise - android (48x48)no bg.png */,
				C6965ED514DC9F8700A4A21D /* robot4_finalise-android(78x78)nobg.png */,
				C6965ED714DC9F9D00A4A21D /* rock5._finalise - android (48x48)no bg.png */,
				C6965ED914DC9FAA00A4A21D /* rock5._finalise-android(78x78)nobg.png */,
				C6965EDB14DC9FB700A4A21D /* scissors4_finalise - android (48x48)no bg.png */,
				C6A332B114E828BA0026C51E /* tempRobotButton.jpg */,
				C6965EDD14DC9FCE00A4A21D /* scissors4_finalise-android(78x78)nobg.png */,
				C6965EDF14DC9FE100A4A21D /* unicorn3_finalise - android (48x48)no bg.png */,
				C6965EE114DC9FF100A4A21D /* unicorn3_finalise-android(78x78)nobg.png */,
			);
			path = RPSIphoneOnly;
			sourceTree = "<group>";
		};
		C6965E9C14DC995700A4A21D /* Supporting Files */ = {
			isa = PBXGroup;
			children = (
				C6AF4EA1154820B500B94D81 /* AppSpecificValues.h */,
				C690C96B14E5EA83000BB787 /* MultiPlayerViewController.h */,
				C690C96C14E5EA83000BB787 /* MultiPlayerViewController.m */,
				C690C96D14E5EA83000BB787 /* MultiPlayerViewController.xib */,
				C690C96714E5E7B9000BB787 /* GCHelper.h */,
				C690C96814E5E7B9000BB787 /* GCHelper.m */,
				C6E73B1B14DDDD11007E48F2 /* ModeViewController.h */,
				C6E73B1C14DDDD11007E48F2 /* ModeViewController.m */,
				C6E73B1D14DDDD12007E48F2 /* ModeViewController.xib */,
				C6E73B0F14DD893E007E48F2 /* AiFunction.h */,
				C6E73B1014DD893E007E48F2 /* AiFunction.m */,
				C6965EE814DCA77400A4A21D /* SingleViewController.h */,
				C6965EE914DCA77400A4A21D /* SingleViewController.m */,
				C6965EEA14DCA77400A4A21D /* SingleViewController.xib */,
				C6965E9D14DC995700A4A21D /* RPSIphoneOnly-Info.plist */,
				C6965E9E14DC995700A4A21D /* InfoPlist.strings */,
				C6965EA114DC995700A4A21D /* main.m */,
				C6965EA314DC995700A4A21D /* RPSIphoneOnly-Prefix.pch */,
				C6AF4EB5154E06A900B94D81 /* RulesPage1.h */,
				C6AF4EB6154E06AB00B94D81 /* RulesPage1.m */,
				C6AF4EB7154E06B600B94D81 /* RulesPage1.xib */,
				C6AC932D1568425E005D81B2 /* Reachability.h */,
				C6AC932E1568425E005D81B2 /* Reachability.m */,
			);
			name = "Supporting Files";
			sourceTree = "<group>";
		};
		C6965EB914DC995800A4A21D /* RPSIphoneOnlyTests */ = {
			isa = PBXGroup;
			children = (
				C6965EBF14DC995800A4A21D /* RPSIphoneOnlyTests.h */,
				C6965EC014DC995800A4A21D /* RPSIphoneOnlyTests.m */,
				C6965EBA14DC995800A4A21D /* Supporting Files */,
			);
			path = RPSIphoneOnlyTests;
			sourceTree = "<group>";
		};
		C6965EBA14DC995800A4A21D /* Supporting Files */ = {
			isa = PBXGroup;
			children = (
				C6965EBB14DC995800A4A21D /* RPSIphoneOnlyTests-Info.plist */,
				C6965EBC14DC995800A4A21D /* InfoPlist.strings */,
			);
			name = "Supporting Files";
			sourceTree = "<group>";
		};
/* End PBXGroup section */

/* Begin PBXNativeTarget section */
		C6965E9014DC995700A4A21D /* RPSIphoneOnly */ = {
			isa = PBXNativeTarget;
			buildConfigurationList = C6965EC414DC995800A4A21D /* Build configuration list for PBXNativeTarget "RPSIphoneOnly" */;
			buildPhases = (
				C6965E8D14DC995700A4A21D /* Sources */,
				C6965E8E14DC995700A4A21D /* Frameworks */,
				C6965E8F14DC995700A4A21D /* Resources */,
			);
			buildRules = (
			);
			dependencies = (
			);
			name = RPSIphoneOnly;
			productName = RPSIphoneOnly;
			productReference = C6965E9114DC995700A4A21D /* RPSIphoneOnly.app */;
			productType = "com.apple.product-type.application";
		};
		C6965EB114DC995700A4A21D /* RPSIphoneOnlyTests */ = {
			isa = PBXNativeTarget;
			buildConfigurationList = C6965EC714DC995800A4A21D /* Build configuration list for PBXNativeTarget "RPSIphoneOnlyTests" */;
			buildPhases = (
				C6965EAD14DC995700A4A21D /* Sources */,
				C6965EAE14DC995700A4A21D /* Frameworks */,
				C6965EAF14DC995700A4A21D /* Resources */,
				C6965EB014DC995700A4A21D /* ShellScript */,
			);
			buildRules = (
			);
			dependencies = (
				C6965EB814DC995800A4A21D /* PBXTargetDependency */,
			);
			name = RPSIphoneOnlyTests;
			productName = RPSIphoneOnlyTests;
			productReference = C6965EB214DC995700A4A21D /* RPSIphoneOnlyTests.octest */;
			productType = "com.apple.product-type.bundle";
		};
/* End PBXNativeTarget section */

/* Begin PBXProject section */
		C6965E8814DC995600A4A21D /* Project object */ = {
			isa = PBXProject;
			attributes = {
				LastUpgradeCheck = 0420;
				ORGANIZATIONNAME = UoP;
			};
			buildConfigurationList = C6965E8B14DC995600A4A21D /* Build configuration list for PBXProject "RPSIphoneOnly" */;
			compatibilityVersion = "Xcode 3.2";
			developmentRegion = English;
			hasScannedForEncodings = 0;
			knownRegions = (
				en,
			);
			mainGroup = C6965E8614DC995600A4A21D;
			productRefGroup = C6965E9214DC995700A4A21D /* Products */;
			projectDirPath = "";
			projectRoot = "";
			targets = (
				C6965E9014DC995700A4A21D /* RPSIphoneOnly */,
				C6965EB114DC995700A4A21D /* RPSIphoneOnlyTests */,
			);
		};
/* End PBXProject section */

/* Begin PBXResourcesBuildPhase section */
		C6965E8F14DC995700A4A21D /* Resources */ = {
			isa = PBXResourcesBuildPhase;
			buildActionMask = 2147483647;
			files = (
				C6965EA014DC995700A4A21D /* InfoPlist.strings in Resources */,
				C6965EA914DC995700A4A21D /* MainStoryboard.storyboard in Resources */,
				C6965ED014DC9F4F00A4A21D /* paper 2_finalise - android (48x48)no bg.png in Resources */,
				C6965ED214DC9F6300A4A21D /* paper2_finalise-android(78x78)nobg.png in Resources */,
				C6965ED414DC9F7A00A4A21D /* robot4_finalise - android (48x48)no bg.png in Resources */,
				C6965ED614DC9F8700A4A21D /* robot4_finalise-android(78x78)nobg.png in Resources */,
				C6965ED814DC9F9D00A4A21D /* rock5._finalise - android (48x48)no bg.png in Resources */,
				C6965EDA14DC9FAA00A4A21D /* rock5._finalise-android(78x78)nobg.png in Resources */,
				C6965EDC14DC9FB700A4A21D /* scissors4_finalise - android (48x48)no bg.png in Resources */,
				C6965EDE14DC9FCE00A4A21D /* scissors4_finalise-android(78x78)nobg.png in Resources */,
				C6965EE014DC9FE100A4A21D /* unicorn3_finalise - android (48x48)no bg.png in Resources */,
				C6965EE214DC9FF100A4A21D /* unicorn3_finalise-android(78x78)nobg.png in Resources */,
				C6965EEC14DCA77400A4A21D /* SingleViewController.xib in Resources */,
				C6E73B1F14DDDD12007E48F2 /* ModeViewController.xib in Resources */,
				C6ABD05114DF8C1800AB6970 /* testBackground.jpg in Resources */,
				C690C96F14E5EA83000BB787 /* MultiPlayerViewController.xib in Resources */,
				C6A332B214E828BA0026C51E /* tempRobotButton.jpg in Resources */,
				C69A231914ED496700CFF477 /* xrps-wp7-f4-2.png in Resources */,
				C69A231E14F010EC00CFF477 /* xrps-background2.png in Resources */,
				C69A232014F06E7C00CFF477 /* XRPSInterfacebackground2.png in Resources */,
				C6B463B214F1E9070097F1A7 /* XRPSInterfacebackground3.png in Resources */,
				C6AF4EB3154E032B00B94D81 /* xrps-rulespage.png in Resources */,
				C6AF4EB9154E06B700B94D81 /* RulesPage1.xib in Resources */,
				C6AF4EDC1553406000B94D81 /* GI- Display - Unicorn.png in Resources */,
				C6AF4EDF1553408300B94D81 /* GI- Display - Scissors.png in Resources */,
				C6AF4EE11553409200B94D81 /* GI- Display - Robot (FINAL).png in Resources */,
				C6AF4EE31553409D00B94D81 /* GI - button-v2.png in Resources */,
				C6AF4EE5155340A800B94D81 /* GI- Display - Rock.png in Resources */,
				C6AF4EE7155340C100B94D81 /* GI- Display - Paper.png in Resources */,
				C6AC9327155F1C5F005D81B2 /* xrps-rulespage1.png in Resources */,
				C6AC9331156A33B1005D81B2 /* GI - button-v3.png in Resources */,
				C6AC9333156A33C0005D81B2 /* GI - button-v2-1.png in Resources */,
				C6AC9336156D9036005D81B2 /* GI - button-v2-2.png in Resources */,
				C6AC9337156D9036005D81B2 /* GI - button-v2-3.png in Resources */,
			);
			runOnlyForDeploymentPostprocessing = 0;
		};
		C6965EAF14DC995700A4A21D /* Resources */ = {
			isa = PBXResourcesBuildPhase;
			buildActionMask = 2147483647;
			files = (
				C6965EBE14DC995800A4A21D /* InfoPlist.strings in Resources */,
			);
			runOnlyForDeploymentPostprocessing = 0;
		};
/* End PBXResourcesBuildPhase section */

/* Begin PBXShellScriptBuildPhase section */
		C6965EB014DC995700A4A21D /* ShellScript */ = {
			isa = PBXShellScriptBuildPhase;
			buildActionMask = 2147483647;
			files = (
			);
			inputPaths = (
			);
			outputPaths = (
			);
			runOnlyForDeploymentPostprocessing = 0;
			shellPath = /bin/sh;
			shellScript = "# Run the unit tests in this test bundle.\n\"${SYSTEM_DEVELOPER_DIR}/Tools/RunUnitTests\"\n";
		};
/* End PBXShellScriptBuildPhase section */

/* Begin PBXSourcesBuildPhase section */
		C6965E8D14DC995700A4A21D /* Sources */ = {
			isa = PBXSourcesBuildPhase;
			buildActionMask = 2147483647;
			files = (
				C6965EA214DC995700A4A21D /* main.m in Sources */,
				C6965EA614DC995700A4A21D /* AppDelegate.m in Sources */,
				C6965EAC14DC995700A4A21D /* ViewController.m in Sources */,
				C6965EEB14DCA77400A4A21D /* SingleViewController.m in Sources */,
				C6E73B1114DD893E007E48F2 /* AiFunction.m in Sources */,
				C6E73B1E14DDDD12007E48F2 /* ModeViewController.m in Sources */,
				C690C96914E5E7B9000BB787 /* GCHelper.m in Sources */,
				C690C96E14E5EA83000BB787 /* MultiPlayerViewController.m in Sources */,
				C6AF4EB8154E06B700B94D81 /* RulesPage1.m in Sources */,
				C6AC932F1568425E005D81B2 /* Reachability.m in Sources */,
			);
			runOnlyForDeploymentPostprocessing = 0;
		};
		C6965EAD14DC995700A4A21D /* Sources */ = {
			isa = PBXSourcesBuildPhase;
			buildActionMask = 2147483647;
			files = (
				C6965EC114DC995800A4A21D /* RPSIphoneOnlyTests.m in Sources */,
			);
			runOnlyForDeploymentPostprocessing = 0;
		};
/* End PBXSourcesBuildPhase section */

/* Begin PBXTargetDependency section */
		C6965EB814DC995800A4A21D /* PBXTargetDependency */ = {
			isa = PBXTargetDependency;
			target = C6965E9014DC995700A4A21D /* RPSIphoneOnly */;
			targetProxy = C6965EB714DC995800A4A21D /* PBXContainerItemProxy */;
		};
/* End PBXTargetDependency section */

/* Begin PBXVariantGroup section */
		C6965E9E14DC995700A4A21D /* InfoPlist.strings */ = {
			isa = PBXVariantGroup;
			children = (
				C6965E9F14DC995700A4A21D /* en */,
			);
			name = InfoPlist.strings;
			sourceTree = "<group>";
		};
		C6965EA714DC995700A4A21D /* MainStoryboard.storyboard */ = {
			isa = PBXVariantGroup;
			children = (
				C6965EA814DC995700A4A21D /* en */,
			);
			name = MainStoryboard.storyboard;
			sourceTree = "<group>";
		};
		C6965EBC14DC995800A4A21D /* InfoPlist.strings */ = {
			isa = PBXVariantGroup;
			children = (
				C6965EBD14DC995800A4A21D /* en */,
			);
			name = InfoPlist.strings;
			sourceTree = "<group>";
		};
/* End PBXVariantGroup section */

/* Begin XCBuildConfiguration section */
		C6965EC214DC995800A4A21D /* Debug */ = {
			isa = XCBuildConfiguration;
			buildSettings = {
				ALWAYS_SEARCH_USER_PATHS = NO;
				ARCHS = "$(ARCHS_STANDARD_32_BIT)";
				CLANG_ENABLE_OBJC_ARC = YES;
				"CODE_SIGN_IDENTITY[sdk=iphoneos*]" = "iPhone Developer";
				COPY_PHASE_STRIP = NO;
				GCC_C_LANGUAGE_STANDARD = gnu99;
				GCC_DYNAMIC_NO_PIC = NO;
				GCC_OPTIMIZATION_LEVEL = 0;
				GCC_PREPROCESSOR_DEFINITIONS = (
					"DEBUG=1",
					"$(inherited)",
				);
				GCC_SYMBOLS_PRIVATE_EXTERN = NO;
				GCC_VERSION = com.apple.compilers.llvm.clang.1_0;
				GCC_WARN_ABOUT_MISSING_PROTOTYPES = YES;
				GCC_WARN_ABOUT_RETURN_TYPE = YES;
				GCC_WARN_UNUSED_VARIABLE = YES;
				IPHONEOS_DEPLOYMENT_TARGET = 5.0;
				SDKROOT = iphoneos;
			};
			name = Debug;
		};
		C6965EC314DC995800A4A21D /* Release */ = {
			isa = XCBuildConfiguration;
			buildSettings = {
				ALWAYS_SEARCH_USER_PATHS = NO;
				ARCHS = "$(ARCHS_STANDARD_32_BIT)";
				CLANG_ENABLE_OBJC_ARC = YES;
				"CODE_SIGN_IDENTITY[sdk=iphoneos*]" = "iPhone Developer";
				COPY_PHASE_STRIP = YES;
				GCC_C_LANGUAGE_STANDARD = gnu99;
				GCC_VERSION = com.apple.compilers.llvm.clang.1_0;
				GCC_WARN_ABOUT_MISSING_PROTOTYPES = YES;
				GCC_WARN_ABOUT_RETURN_TYPE = YES;
				GCC_WARN_UNUSED_VARIABLE = YES;
				IPHONEOS_DEPLOYMENT_TARGET = 5.0;
				OTHER_CFLAGS = "-DNS_BLOCK_ASSERTIONS=1";
				SDKROOT = iphoneos;
				VALIDATE_PRODUCT = YES;
			};
			name = Release;
		};
		C6965EC514DC995800A4A21D /* Debug */ = {
			isa = XCBuildConfiguration;
			buildSettings = {
				GCC_PRECOMPILE_PREFIX_HEADER = YES;
				GCC_PREFIX_HEADER = "RPSIphoneOnly/RPSIphoneOnly-Prefix.pch";
				INFOPLIST_FILE = "RPSIphoneOnly/RPSIphoneOnly-Info.plist";
				PRODUCT_NAME = "$(TARGET_NAME)";
				WRAPPER_EXTENSION = app;
			};
			name = Debug;
		};
		C6965EC614DC995800A4A21D /* Release */ = {
			isa = XCBuildConfiguration;
			buildSettings = {
				GCC_PRECOMPILE_PREFIX_HEADER = YES;
				GCC_PREFIX_HEADER = "RPSIphoneOnly/RPSIphoneOnly-Prefix.pch";
				INFOPLIST_FILE = "RPSIphoneOnly/RPSIphoneOnly-Info.plist";
				PRODUCT_NAME = "$(TARGET_NAME)";
				WRAPPER_EXTENSION = app;
			};
			name = Release;
		};
		C6965EC814DC995800A4A21D /* Debug */ = {
			isa = XCBuildConfiguration;
			buildSettings = {
				BUNDLE_LOADER = "$(BUILT_PRODUCTS_DIR)/RPSIphoneOnly.app/RPSIphoneOnly";
				FRAMEWORK_SEARCH_PATHS = (
					"$(SDKROOT)/Developer/Library/Frameworks",
					"$(DEVELOPER_LIBRARY_DIR)/Frameworks",
				);
				GCC_PRECOMPILE_PREFIX_HEADER = YES;
				GCC_PREFIX_HEADER = "RPSIphoneOnly/RPSIphoneOnly-Prefix.pch";
				INFOPLIST_FILE = "RPSIphoneOnlyTests/RPSIphoneOnlyTests-Info.plist";
				PRODUCT_NAME = "$(TARGET_NAME)";
				TEST_HOST = "$(BUNDLE_LOADER)";
				WRAPPER_EXTENSION = octest;
			};
			name = Debug;
		};
		C6965EC914DC995800A4A21D /* Release */ = {
			isa = XCBuildConfiguration;
			buildSettings = {
				BUNDLE_LOADER = "$(BUILT_PRODUCTS_DIR)/RPSIphoneOnly.app/RPSIphoneOnly";
				FRAMEWORK_SEARCH_PATHS = (
					"$(SDKROOT)/Developer/Library/Frameworks",
					"$(DEVELOPER_LIBRARY_DIR)/Frameworks",
				);
				GCC_PRECOMPILE_PREFIX_HEADER = YES;
				GCC_PREFIX_HEADER = "RPSIphoneOnly/RPSIphoneOnly-Prefix.pch";
				INFOPLIST_FILE = "RPSIphoneOnlyTests/RPSIphoneOnlyTests-Info.plist";
				PRODUCT_NAME = "$(TARGET_NAME)";
				TEST_HOST = "$(BUNDLE_LOADER)";
				WRAPPER_EXTENSION = octest;
			};
			name = Release;
		};
/* End XCBuildConfiguration section */

/* Begin XCConfigurationList section */
		C6965E8B14DC995600A4A21D /* Build configuration list for PBXProject "RPSIphoneOnly" */ = {
			isa = XCConfigurationList;
			buildConfigurations = (
				C6965EC214DC995800A4A21D /* Debug */,
				C6965EC314DC995800A4A21D /* Release */,
			);
			defaultConfigurationIsVisible = 0;
			defaultConfigurationName = Release;
		};
		C6965EC414DC995800A4A21D /* Build configuration list for PBXNativeTarget "RPSIphoneOnly" */ = {
			isa = XCConfigurationList;
			buildConfigurations = (
				C6965EC514DC995800A4A21D /* Debug */,
				C6965EC614DC995800A4A21D /* Release */,
			);
			defaultConfigurationIsVisible = 0;
			defaultConfigurationName = Release;
		};
		C6965EC714DC995800A4A21D /* Build configuration list for PBXNativeTarget "RPSIphoneOnlyTests" */ = {
			isa = XCConfigurationList;
			buildConfigurations = (
				C6965EC814DC995800A4A21D /* Debug */,
				C6965EC914DC995800A4A21D /* Release */,
			);
			defaultConfigurationIsVisible = 0;
			defaultConfigurationName = Release;
		};
/* End XCConfigurationList section */
	};
	rootObject = C6965E8814DC995600A4A21D /* Project object */;
}
